{
  "version": 4,
  "terraform_version": "0.12.10",
  "serial": 57,
  "lineage": "14e861ba-b054-9a35-529a-05acc15d58be",
  "outputs": {},
  "resources": [
    {
      "mode": "data",
      "type": "aws_ami",
      "name": "ubuntu",
      "provider": "provider.aws",
      "instances": [
        {
          "schema_version": 0,
          "attributes": {
            "architecture": "x86_64",
            "block_device_mappings": [
              {
                "device_name": "/dev/sda1",
                "ebs": {
                  "delete_on_termination": "true",
                  "encrypted": "false",
                  "iops": "0",
                  "snapshot_id": "snap-021874a79dc16a50b",
                  "volume_size": "8",
                  "volume_type": "gp2"
                },
                "no_device": "",
                "virtual_name": ""
              },
              {
                "device_name": "/dev/sdb",
                "ebs": {},
                "no_device": "",
                "virtual_name": "ephemeral0"
              },
              {
                "device_name": "/dev/sdc",
                "ebs": {},
                "no_device": "",
                "virtual_name": "ephemeral1"
              }
            ],
            "creation_date": "2019-10-02T23:28:56.000Z",
            "description": "Canonical, Ubuntu, 18.04 LTS, amd64 bionic image build on 2019-10-02",
            "executable_users": null,
            "filter": [
              {
                "name": "name",
                "values": [
                  "ubuntu/images/hvm-ssd/ubuntu-bionic-18.04-amd64-server-*"
                ]
              },
              {
                "name": "virtualization-type",
                "values": [
                  "hvm"
                ]
              }
            ],
            "hypervisor": "xen",
            "id": "ami-0d5d9d301c853a04a",
            "image_id": "ami-0d5d9d301c853a04a",
            "image_location": "099720109477/ubuntu/images/hvm-ssd/ubuntu-bionic-18.04-amd64-server-20191002",
            "image_owner_alias": null,
            "image_type": "machine",
            "kernel_id": null,
            "most_recent": true,
            "name": "ubuntu/images/hvm-ssd/ubuntu-bionic-18.04-amd64-server-20191002",
            "name_regex": null,
            "owner_id": "099720109477",
            "owners": [
              "099720109477"
            ],
            "platform": null,
            "product_codes": [],
            "public": true,
            "ramdisk_id": null,
            "root_device_name": "/dev/sda1",
            "root_device_type": "ebs",
            "root_snapshot_id": "snap-021874a79dc16a50b",
            "sriov_net_support": "simple",
            "state": "available",
            "state_reason": {
              "code": "UNSET",
              "message": "UNSET"
            },
            "tags": {},
            "virtualization_type": "hvm"
          }
        }
      ]
    },
    {
      "mode": "data",
      "type": "aws_subnet_ids",
      "name": "selected",
      "provider": "provider.aws",
      "instances": [
        {
          "schema_version": 0,
          "attributes": {
            "filter": null,
            "id": "vpc-3cb15b57",
            "ids": [
              "subnet-1d388851",
              "subnet-5b8cc421",
              "subnet-c11103a9"
            ],
            "tags": null,
            "vpc_id": "vpc-3cb15b57"
          },
          "depends_on": [
            "data.aws_vpc.selected"
          ]
        }
      ]
    },
    {
      "mode": "data",
      "type": "aws_vpc",
      "name": "selected",
      "provider": "provider.aws",
      "instances": [
        {
          "schema_version": 0,
          "attributes": {
            "arn": "arn:aws:ec2:us-east-2:769968205550:vpc/vpc-3cb15b57",
            "cidr_block": "172.31.0.0/16",
            "cidr_block_associations": [
              {
                "association_id": "vpc-cidr-assoc-30fd095b",
                "cidr_block": "172.31.0.0/16",
                "state": "associated"
              }
            ],
            "default": true,
            "dhcp_options_id": "dopt-8a1bd7e1",
            "enable_dns_hostnames": true,
            "enable_dns_support": true,
            "filter": null,
            "id": "vpc-3cb15b57",
            "instance_tenancy": "default",
            "ipv6_association_id": null,
            "ipv6_cidr_block": null,
            "main_route_table_id": "rtb-d87ccfb3",
            "owner_id": "769968205550",
            "state": "available",
            "tags": {}
          }
        }
      ]
    },
    {
      "mode": "managed",
      "type": "aws_autoscaling_group",
      "name": "web",
      "provider": "provider.aws",
      "instances": [
        {
          "schema_version": 0,
          "attributes": {
            "arn": "arn:aws:autoscaling:us-east-2:769968205550:autoScalingGroup:afadb218-44c7-46fc-a714-8fbfdaac7f2a:autoScalingGroupName/test_terraform-web",
            "availability_zones": [
              "us-east-2a",
              "us-east-2b",
              "us-east-2c"
            ],
            "default_cooldown": 300,
            "desired_capacity": 0,
            "enabled_metrics": [],
            "force_delete": false,
            "health_check_grace_period": 10,
            "health_check_type": "ELB",
            "id": "test_terraform-web",
            "initial_lifecycle_hook": [],
            "launch_configuration": "web_config-test_terraform20191010173411484100000001",
            "launch_template": [],
            "load_balancers": [
              "elb-web"
            ],
            "max_size": 3,
            "metrics_granularity": "1Minute",
            "min_elb_capacity": null,
            "min_size": 0,
            "mixed_instances_policy": [],
            "name": "test_terraform-web",
            "name_prefix": null,
            "placement_group": "",
            "protect_from_scale_in": false,
            "service_linked_role_arn": "arn:aws:iam::769968205550:role/aws-service-role/autoscaling.amazonaws.com/AWSServiceRoleForAutoScaling",
            "suspended_processes": [],
            "tag": [
              {
                "key": "Name",
                "propagate_at_launch": true,
                "value": "test_terraform-web-asg"
              }
            ],
            "tags": null,
            "target_group_arns": [],
            "termination_policies": [],
            "timeouts": null,
            "vpc_zone_identifier": [
              "subnet-1d388851",
              "subnet-5b8cc421",
              "subnet-c11103a9"
            ],
            "wait_for_capacity_timeout": "10m",
            "wait_for_elb_capacity": null
          },
          "private": "eyJlMmJmYjczMC1lY2FhLTExZTYtOGY4OC0zNDM2M2JjN2M0YzAiOnsiZGVsZXRlIjo2MDAwMDAwMDAwMDB9fQ==",
          "depends_on": [
            "aws_elb.web",
            "aws_launch_configuration.web",
            "data.aws_subnet_ids.selected"
          ]
        }
      ]
    },
    {
      "mode": "managed",
      "type": "aws_elb",
      "name": "web",
      "provider": "provider.aws",
      "instances": [
        {
          "schema_version": 0,
          "attributes": {
            "access_logs": [],
            "arn": "arn:aws:elasticloadbalancing:us-east-2:769968205550:loadbalancer/elb-web",
            "availability_zones": [
              "us-east-2a",
              "us-east-2b",
              "us-east-2c"
            ],
            "connection_draining": false,
            "connection_draining_timeout": 300,
            "cross_zone_load_balancing": true,
            "dns_name": "elb-web-1604252016.us-east-2.elb.amazonaws.com",
            "health_check": [
              {
                "healthy_threshold": 2,
                "interval": 5,
                "target": "HTTP:80/",
                "timeout": 2,
                "unhealthy_threshold": 2
              }
            ],
            "id": "elb-web",
            "idle_timeout": 60,
            "instances": [
              "i-007068da733065414",
              "i-0221f8d3c7eaa12fb",
              "i-065cf4b37a504272a"
            ],
            "internal": false,
            "listener": [
              {
                "instance_port": 80,
                "instance_protocol": "http",
                "lb_port": 80,
                "lb_protocol": "http",
                "ssl_certificate_id": ""
              }
            ],
            "name": "elb-web",
            "name_prefix": null,
            "security_groups": [
              "sg-0ea2c66a8ad560154"
            ],
            "source_security_group": "769968205550/test_terraform-allow_HTTP",
            "source_security_group_id": "sg-0ea2c66a8ad560154",
            "subnets": [
              "subnet-1d388851",
              "subnet-5b8cc421",
              "subnet-c11103a9"
            ],
            "tags": {
              "Name": "test_terraform-elb-web"
            },
            "zone_id": "Z3AADJGX6KTTL2"
          },
          "private": "bnVsbA==",
          "depends_on": [
            "aws_security_group.allow_HTTP"
          ]
        }
      ]
    },
    {
      "mode": "managed",
      "type": "aws_key_pair",
      "name": "keypair",
      "provider": "provider.aws",
      "instances": [
        {
          "schema_version": 1,
          "attributes": {
            "fingerprint": "46:2a:3b:7b:e1:9d:46:8d:54:cb:c7:47:c7:2b:19:46",
            "id": "test_terraform-Keypair",
            "key_name": "test_terraform-Keypair",
            "key_name_prefix": null,
            "public_key": "ssh-rsa AAAAB3NzaC1yc2EAAAADAQABAAABAQDTuY7tGVEfbWLTBRVGiVtTQa4RqeqgQIfeM1smbh+L4C7jqs6POYrCcxgH4Vgm+RiioL2/w0/8JKXrY+VAiMSIgbgG4brQKABnD/vcWDmITBQ2HmmN3ikSPbBiSeU3lvCiYZXJOsUEuVnbQJsDvVWIqpOaLDBGloj+o+kNNj9SlA8rCPTP988FWKgOgUYQ8qVELQVHFqhvZxZLGPHxB9ao6CgxldkoU7F9unO2gGRZ0c+BzJLvY/uN6dh2uoqa0Vl94sLAfzbHlDI4wNl5a1H1Hev42yBetE39y2k7NWBfVVcLMx7hRawynX2oz24tPWN11Bia/piXIgX+5Coa29DH camarj@DESKTOP-OOH3FNG"
          },
          "private": "eyJzY2hlbWFfdmVyc2lvbiI6IjEifQ=="
        }
      ]
    },
    {
      "mode": "managed",
      "type": "aws_launch_configuration",
      "name": "web",
      "provider": "provider.aws",
      "instances": [
        {
          "schema_version": 0,
          "attributes": {
            "associate_public_ip_address": false,
            "ebs_block_device": [],
            "ebs_optimized": false,
            "enable_monitoring": true,
            "ephemeral_block_device": [],
            "iam_instance_profile": "",
            "id": "web_config-test_terraform20191010173411484100000001",
            "image_id": "ami-0d5d9d301c853a04a",
            "instance_type": "t2.micro",
            "key_name": "test_terraform-Keypair",
            "name": "web_config-test_terraform20191010173411484100000001",
            "name_prefix": "web_config-test_terraform",
            "placement_tenancy": null,
            "root_block_device": [],
            "security_groups": [
              "sg-0c22b2336e11a941b",
              "sg-0ea2c66a8ad560154"
            ],
            "spot_price": "",
            "user_data": "f940732b0832a7622c86b3b7971b154800b1335a",
            "user_data_base64": null,
            "vpc_classic_link_id": "",
            "vpc_classic_link_security_groups": []
          },
          "private": "bnVsbA==",
          "depends_on": [
            "aws_key_pair.keypair",
            "aws_security_group.allow_HTTP",
            "aws_security_group.allow_SSH",
            "data.aws_ami.ubuntu"
          ]
        }
      ]
    },
    {
      "mode": "managed",
      "type": "aws_security_group",
      "name": "allow_HTTP",
      "provider": "provider.aws",
      "instances": [
        {
          "schema_version": 1,
          "attributes": {
            "arn": "arn:aws:ec2:us-east-2:769968205550:security-group/sg-0ea2c66a8ad560154",
            "description": "Allow HTTP inbound traffic",
            "egress": [
              {
                "cidr_blocks": [
                  "0.0.0.0/0"
                ],
                "description": "",
                "from_port": 0,
                "ipv6_cidr_blocks": [],
                "prefix_list_ids": [],
                "protocol": "-1",
                "security_groups": [],
                "self": false,
                "to_port": 0
              }
            ],
            "id": "sg-0ea2c66a8ad560154",
            "ingress": [
              {
                "cidr_blocks": [
                  "0.0.0.0/0"
                ],
                "description": "",
                "from_port": 80,
                "ipv6_cidr_blocks": [],
                "prefix_list_ids": [],
                "protocol": "tcp",
                "security_groups": [],
                "self": false,
                "to_port": 80
              }
            ],
            "name": "test_terraform-allow_HTTP",
            "name_prefix": null,
            "owner_id": "769968205550",
            "revoke_rules_on_delete": false,
            "tags": {},
            "timeouts": null,
            "vpc_id": "vpc-3cb15b57"
          },
          "private": "eyJlMmJmYjczMC1lY2FhLTExZTYtOGY4OC0zNDM2M2JjN2M0YzAiOnsiY3JlYXRlIjo2MDAwMDAwMDAwMDAsImRlbGV0ZSI6NjAwMDAwMDAwMDAwfSwic2NoZW1hX3ZlcnNpb24iOiIxIn0=",
          "depends_on": [
            "data.aws_vpc.selected"
          ]
        }
      ]
    },
    {
      "mode": "managed",
      "type": "aws_security_group",
      "name": "allow_SSH",
      "provider": "provider.aws",
      "instances": [
        {
          "schema_version": 1,
          "attributes": {
            "arn": "arn:aws:ec2:us-east-2:769968205550:security-group/sg-0c22b2336e11a941b",
            "description": "Allow SSH inbound traffic",
            "egress": [
              {
                "cidr_blocks": [
                  "0.0.0.0/0"
                ],
                "description": "",
                "from_port": 0,
                "ipv6_cidr_blocks": [],
                "prefix_list_ids": [],
                "protocol": "-1",
                "security_groups": [],
                "self": false,
                "to_port": 0
              }
            ],
            "id": "sg-0c22b2336e11a941b",
            "ingress": [
              {
                "cidr_blocks": [
                  "0.0.0.0/0"
                ],
                "description": "",
                "from_port": 22,
                "ipv6_cidr_blocks": [],
                "prefix_list_ids": [],
                "protocol": "tcp",
                "security_groups": [],
                "self": false,
                "to_port": 22
              }
            ],
            "name": "test_terraform-allow_SSH",
            "name_prefix": null,
            "owner_id": "769968205550",
            "revoke_rules_on_delete": false,
            "tags": {},
            "timeouts": null,
            "vpc_id": "vpc-3cb15b57"
          },
          "private": "eyJlMmJmYjczMC1lY2FhLTExZTYtOGY4OC0zNDM2M2JjN2M0YzAiOnsiY3JlYXRlIjo2MDAwMDAwMDAwMDAsImRlbGV0ZSI6NjAwMDAwMDAwMDAwfSwic2NoZW1hX3ZlcnNpb24iOiIxIn0=",
          "depends_on": [
            "data.aws_vpc.selected"
          ]
        }
      ]
    }
  ]
}
